
Microsoft Visual Studio Solution File, Format Version 12.00
# Visual Studio Express 2012 for Windows Desktop
Project("{FAE04EC0-301F-11D3-BF4B-00C04F79EFBC}") = "AssignmentBasicSyntaxAndConstructs3", "AssignmentBasicSyntaxAndConstructs3\AssignmentBasicSyntaxAndConstructs3.csproj", "{E06D4C2E-D0B2-4DD9-8CB6-92C4D51D392A}"
EndProject
Global
	GlobalSection(SolutionConfigurationPlatforms) = preSolution
		Debug|Any CPU = Debug|Any CPU
		Release|Any CPU = Release|Any CPU
	EndGlobalSection
	GlobalSection(ProjectConfigurationPlatforms) = postSolution
		{E06D4C2E-D0B2-4DD9-8CB6-92C4D51D392A}.Debug|Any CPU.ActiveCfg = Debug|Any CPU
		{E06D4C2E-D0B2-4DD9-8CB6-92C4D51D392A}.Debug|Any CPU.Build.0 = Debug|Any CPU
		{E06D4C2E-D0B2-4DD9-8CB6-92C4D51D392A}.Release|Any CPU.ActiveCfg = Release|Any CPU
		{E06D4C2E-D0B2-4DD9-8CB6-92C4D51D392A}.Release|Any CPU.Build.0 = Release|Any CPU
	EndGlobalSection
	GlobalSection(SolutionProperties) = preSolution
		HideSolutionNode = FALSE
	EndGlobalSection
EndGlobal
