
Microsoft Visual Studio Solution File, Format Version 12.00
# Visual Studio Express 2012 for Windows Desktop
Project("{FAE04EC0-301F-11D3-BF4B-00C04F79EFBC}") = "AssignmentOOPSConcepts11", "AssignmentOOPSConcepts11\AssignmentOOPSConcepts11.csproj", "{B16F3AAD-BBEE-411E-8F40-6FAD9108BFA2}"
EndProject
Project("{FAE04EC0-301F-11D3-BF4B-00C04F79EFBC}") = "AllClasses", "AllClasses\AllClasses.csproj", "{EA0067FA-335B-41D2-9CD5-4C8BC34358C7}"
EndProject
Global
	GlobalSection(SolutionConfigurationPlatforms) = preSolution
		Debug|Any CPU = Debug|Any CPU
		Release|Any CPU = Release|Any CPU
	EndGlobalSection
	GlobalSection(ProjectConfigurationPlatforms) = postSolution
		{B16F3AAD-BBEE-411E-8F40-6FAD9108BFA2}.Debug|Any CPU.ActiveCfg = Debug|Any CPU
		{B16F3AAD-BBEE-411E-8F40-6FAD9108BFA2}.Debug|Any CPU.Build.0 = Debug|Any CPU
		{B16F3AAD-BBEE-411E-8F40-6FAD9108BFA2}.Release|Any CPU.ActiveCfg = Release|Any CPU
		{B16F3AAD-BBEE-411E-8F40-6FAD9108BFA2}.Release|Any CPU.Build.0 = Release|Any CPU
		{EA0067FA-335B-41D2-9CD5-4C8BC34358C7}.Debug|Any CPU.ActiveCfg = Debug|Any CPU
		{EA0067FA-335B-41D2-9CD5-4C8BC34358C7}.Debug|Any CPU.Build.0 = Debug|Any CPU
		{EA0067FA-335B-41D2-9CD5-4C8BC34358C7}.Release|Any CPU.ActiveCfg = Release|Any CPU
		{EA0067FA-335B-41D2-9CD5-4C8BC34358C7}.Release|Any CPU.Build.0 = Release|Any CPU
	EndGlobalSection
	GlobalSection(SolutionProperties) = preSolution
		HideSolutionNode = FALSE
	EndGlobalSection
EndGlobal
