
Microsoft Visual Studio Solution File, Format Version 12.00
# Visual Studio Express 2013 for Web
VisualStudioVersion = 12.0.31101.0
MinimumVisualStudioVersion = 10.0.40219.1
Project("{FAE04EC0-301F-11D3-BF4B-00C04F79EFBC}") = "MVCAssignment", "MVCAssignment\MVCAssignment.csproj", "{9BCE37D2-B1B7-486D-AF18-08FA7FE8ABCD}"
EndProject
Global
	GlobalSection(SolutionConfigurationPlatforms) = preSolution
		Debug|Any CPU = Debug|Any CPU
		Release|Any CPU = Release|Any CPU
	EndGlobalSection
	GlobalSection(ProjectConfigurationPlatforms) = postSolution
		{9BCE37D2-B1B7-486D-AF18-08FA7FE8ABCD}.Debug|Any CPU.ActiveCfg = Debug|Any CPU
		{9BCE37D2-B1B7-486D-AF18-08FA7FE8ABCD}.Debug|Any CPU.Build.0 = Debug|Any CPU
		{9BCE37D2-B1B7-486D-AF18-08FA7FE8ABCD}.Release|Any CPU.ActiveCfg = Release|Any CPU
		{9BCE37D2-B1B7-486D-AF18-08FA7FE8ABCD}.Release|Any CPU.Build.0 = Release|Any CPU
	EndGlobalSection
	GlobalSection(SolutionProperties) = preSolution
		HideSolutionNode = FALSE
	EndGlobalSection
EndGlobal
