
Microsoft Visual Studio Solution File, Format Version 12.00
# Visual Studio Express 2012 for Windows Desktop
Project("{FAE04EC0-301F-11D3-BF4B-00C04F79EFBC}") = "AssignmentBasicSyntaxAndConstructs5", "AssignmentBasicSyntaxAndConstructs5\AssignmentBasicSyntaxAndConstructs5.csproj", "{2AD9DE9C-D9D5-4454-B303-70E75232DA75}"
EndProject
Global
	GlobalSection(SolutionConfigurationPlatforms) = preSolution
		Debug|Any CPU = Debug|Any CPU
		Release|Any CPU = Release|Any CPU
	EndGlobalSection
	GlobalSection(ProjectConfigurationPlatforms) = postSolution
		{2AD9DE9C-D9D5-4454-B303-70E75232DA75}.Debug|Any CPU.ActiveCfg = Debug|Any CPU
		{2AD9DE9C-D9D5-4454-B303-70E75232DA75}.Debug|Any CPU.Build.0 = Debug|Any CPU
		{2AD9DE9C-D9D5-4454-B303-70E75232DA75}.Release|Any CPU.ActiveCfg = Release|Any CPU
		{2AD9DE9C-D9D5-4454-B303-70E75232DA75}.Release|Any CPU.Build.0 = Release|Any CPU
	EndGlobalSection
	GlobalSection(SolutionProperties) = preSolution
		HideSolutionNode = FALSE
	EndGlobalSection
EndGlobal
